
Microsoft Visual Studio Solution File, Format Version 12.00
# Visual Studio Version 17
VisualStudioVersion = 17.11.35312.102
MinimumVisualStudioVersion = 10.0.40219.1
Project("{FAE04EC0-301F-11D3-BF4B-00C04F79EFBC}") = "WinFS_DZ_4", "WinFS_DZ_4.csproj", "{A2145F17-CA79-4ACC-B3C7-56D567534218}"
EndProject
Global
	GlobalSection(SolutionConfigurationPlatforms) = preSolution
		Debug|Any CPU = Debug|Any CPU
		Release|Any CPU = Release|Any CPU
	EndGlobalSection
	GlobalSection(ProjectConfigurationPlatforms) = postSolution
		{A2145F17-CA79-4ACC-B3C7-56D567534218}.Debug|Any CPU.ActiveCfg = Debug|Any CPU
		{A2145F17-CA79-4ACC-B3C7-56D567534218}.Debug|Any CPU.Build.0 = Debug|Any CPU
		{A2145F17-CA79-4ACC-B3C7-56D567534218}.Release|Any CPU.ActiveCfg = Release|Any CPU
		{A2145F17-CA79-4ACC-B3C7-56D567534218}.Release|Any CPU.Build.0 = Release|Any CPU
	EndGlobalSection
	GlobalSection(SolutionProperties) = preSolution
		HideSolutionNode = FALSE
	EndGlobalSection
	GlobalSection(ExtensibilityGlobals) = postSolution
		SolutionGuid = {40410FB9-FA53-4414-87F0-502E0F911A11}
	EndGlobalSection
EndGlobal
